
Microsoft Visual Studio Solution File, Format Version 12.00
# Visual Studio Version 17
VisualStudioVersion = 17.2.32516.85
MinimumVisualStudioVersion = 10.0.40219.1
Project("{9A19103F-16F7-4668-BE54-9A1E7A4F7556}") = "ISSEL", "ISSEL\ISSEL.csproj", "{CCF71508-436E-4DA5-8452-55A2B8AEA728}"
EndProject
Project("{FAE04EC0-301F-11D3-BF4B-00C04F79EFBC}") = "ISSEL.DataAccess", "ISSEL.DataAccess\ISSEL.DataAccess.csproj", "{9AA054CF-DFE7-496D-9A5E-15AB4D7D0659}"
EndProject
Project("{FAE04EC0-301F-11D3-BF4B-00C04F79EFBC}") = "ISSEL.Models", "ISSEL.Models\ISSEL.Models.csproj", "{A79A62EA-0AE2-48B1-B375-CED844D5A8EE}"
EndProject
Project("{FAE04EC0-301F-11D3-BF4B-00C04F79EFBC}") = "ISSEL.Services", "ISSEL.Services\ISSEL.Services.csproj", "{54295B0F-3F2C-4EC2-B112-8B8807E82186}"
EndProject
Project("{FAE04EC0-301F-11D3-BF4B-00C04F79EFBC}") = "ISSEL.UI", "ISSEL.UI\ISSEL.UI.csproj", "{52FB8D02-4BA9-4A65-84D4-F4629D9E08C4}"
EndProject
Global
	GlobalSection(SolutionConfigurationPlatforms) = preSolution
		Debug|Any CPU = Debug|Any CPU
		Release|Any CPU = Release|Any CPU
	EndGlobalSection
	GlobalSection(ProjectConfigurationPlatforms) = postSolution
		{CCF71508-436E-4DA5-8452-55A2B8AEA728}.Debug|Any CPU.ActiveCfg = Debug|Any CPU
		{CCF71508-436E-4DA5-8452-55A2B8AEA728}.Debug|Any CPU.Build.0 = Debug|Any CPU
		{CCF71508-436E-4DA5-8452-55A2B8AEA728}.Release|Any CPU.ActiveCfg = Release|Any CPU
		{CCF71508-436E-4DA5-8452-55A2B8AEA728}.Release|Any CPU.Build.0 = Release|Any CPU
		{9AA054CF-DFE7-496D-9A5E-15AB4D7D0659}.Debug|Any CPU.ActiveCfg = Debug|Any CPU
		{9AA054CF-DFE7-496D-9A5E-15AB4D7D0659}.Debug|Any CPU.Build.0 = Debug|Any CPU
		{9AA054CF-DFE7-496D-9A5E-15AB4D7D0659}.Release|Any CPU.ActiveCfg = Release|Any CPU
		{9AA054CF-DFE7-496D-9A5E-15AB4D7D0659}.Release|Any CPU.Build.0 = Release|Any CPU
		{A79A62EA-0AE2-48B1-B375-CED844D5A8EE}.Debug|Any CPU.ActiveCfg = Debug|Any CPU
		{A79A62EA-0AE2-48B1-B375-CED844D5A8EE}.Debug|Any CPU.Build.0 = Debug|Any CPU
		{A79A62EA-0AE2-48B1-B375-CED844D5A8EE}.Release|Any CPU.ActiveCfg = Release|Any CPU
		{A79A62EA-0AE2-48B1-B375-CED844D5A8EE}.Release|Any CPU.Build.0 = Release|Any CPU
		{54295B0F-3F2C-4EC2-B112-8B8807E82186}.Debug|Any CPU.ActiveCfg = Debug|Any CPU
		{54295B0F-3F2C-4EC2-B112-8B8807E82186}.Debug|Any CPU.Build.0 = Debug|Any CPU
		{54295B0F-3F2C-4EC2-B112-8B8807E82186}.Release|Any CPU.ActiveCfg = Release|Any CPU
		{54295B0F-3F2C-4EC2-B112-8B8807E82186}.Release|Any CPU.Build.0 = Release|Any CPU
		{52FB8D02-4BA9-4A65-84D4-F4629D9E08C4}.Debug|Any CPU.ActiveCfg = Debug|Any CPU
		{52FB8D02-4BA9-4A65-84D4-F4629D9E08C4}.Debug|Any CPU.Build.0 = Debug|Any CPU
		{52FB8D02-4BA9-4A65-84D4-F4629D9E08C4}.Release|Any CPU.ActiveCfg = Release|Any CPU
		{52FB8D02-4BA9-4A65-84D4-F4629D9E08C4}.Release|Any CPU.Build.0 = Release|Any CPU
	EndGlobalSection
	GlobalSection(SolutionProperties) = preSolution
		HideSolutionNode = FALSE
	EndGlobalSection
	GlobalSection(ExtensibilityGlobals) = postSolution
		SolutionGuid = {934300D7-3B19-4EB5-ACC9-CFD52DC8FBDD}
	EndGlobalSection
EndGlobal
